
Microsoft Visual Studio Solution File, Format Version 12.00
# Visual Studio Version 17
VisualStudioVersion = 17.6.33723.286
MinimumVisualStudioVersion = 10.0.40219.1
Project("{9A19103F-16F7-4668-BE54-9A1E7A4F7556}") = "Avans.UI", "Avans.UI\Avans.UI.csproj", "{B86ECE97-1F5D-498B-95F6-004457FDF948}"
EndProject
Project("{9A19103F-16F7-4668-BE54-9A1E7A4F7556}") = "Avans.API", "Avans.API\Avans.API.csproj", "{3DB9F9B9-1438-4F28-8E63-D89AEB437728}"
EndProject
Project("{9A19103F-16F7-4668-BE54-9A1E7A4F7556}") = "Avans.DAL", "Avans.DAL\Avans.DAL.csproj", "{3DA9A0E1-D4DB-4EC2-9012-6A8667C602FB}"
EndProject
Project("{9A19103F-16F7-4668-BE54-9A1E7A4F7556}") = "Avans.Core", "Avans.Core\Avans.Core.csproj", "{274825DE-693A-48B3-95EE-F31ECFAF5861}"
EndProject
Project("{9A19103F-16F7-4668-BE54-9A1E7A4F7556}") = "Avans.DTOs", "Avans.DTOs\Avans.DTOs.csproj", "{42334052-AEAE-4397-9710-9F23B8E1E223}"
EndProject
Project("{9A19103F-16F7-4668-BE54-9A1E7A4F7556}") = "Avans.Models", "Avans.Models\Avans.Models.csproj", "{3CED372C-8BAE-4A20-A3D9-D5E560ACF4D5}"
EndProject
Project("{9A19103F-16F7-4668-BE54-9A1E7A4F7556}") = "Avans.BLL", "Avans.BLL\Avans.BLL.csproj", "{2209ECC3-4008-404B-9AF7-0FD7E3BDDF9F}"
EndProject
Project("{2150E333-8FDC-42A3-9474-1A3956D46DE8}") = "API", "API", "{FE9DD425-FCDD-42C2-9BCE-274F1A3C17BC}"
EndProject
Project("{2150E333-8FDC-42A3-9474-1A3956D46DE8}") = "UI", "UI", "{859685F5-7EB4-4E93-BFE2-B74F591610AC}"
EndProject
Project("{9A19103F-16F7-4668-BE54-9A1E7A4F7556}") = "Avans.ExceptionHandling", "Avans.ExceptionHandling\Avans.ExceptionHandling.csproj", "{A715EA63-24A5-421A-8BB7-B01547521969}"
EndProject
Project("{9A19103F-16F7-4668-BE54-9A1E7A4F7556}") = "Avans.Cache", "Avans.Cache\Avans.Cache.csproj", "{AD8E2CE4-C1F7-48E9-ACFA-AA5A5321C728}"
EndProject
Project("{9A19103F-16F7-4668-BE54-9A1E7A4F7556}") = "Avans.Validation", "Avans.Validation\Avans.Validation.csproj", "{4052DDB5-1453-4F5B-95DC-B6F29EAC7FAD}"
EndProject
Project("{9A19103F-16F7-4668-BE54-9A1E7A4F7556}") = "Avans.APIConnection", "Avans.APIConnection\Avans.APIConnection.csproj", "{FA3D8796-3DF8-48D6-93BB-1A365AB36BA2}"
EndProject
Project("{9A19103F-16F7-4668-BE54-9A1E7A4F7556}") = "Avans.Test", "Avans.Test\Avans.Test.csproj", "{1EDA4853-A73C-4580-BACB-B11AFE9E1F7B}"
EndProject
Project("{9A19103F-16F7-4668-BE54-9A1E7A4F7556}") = "Avans.ExceptionHandling.UI", "Avans.ExceptionHandling.UI\Avans.ExceptionHandling.UI.csproj", "{D31624F8-0DEE-48A3-B56B-F5BE9F4CAF5E}"
EndProject
Project("{FAE04EC0-301F-11D3-BF4B-00C04F79EFBC}") = "Avans.LOGGING", "Avans.LOGGING\Avans.LOGGING.csproj", "{7F256947-82AE-4B3B-894A-79573CFF4527}"
EndProject
Global
	GlobalSection(SolutionConfigurationPlatforms) = preSolution
		Debug|Any CPU = Debug|Any CPU
		Release|Any CPU = Release|Any CPU
	EndGlobalSection
	GlobalSection(ProjectConfigurationPlatforms) = postSolution
		{B86ECE97-1F5D-498B-95F6-004457FDF948}.Debug|Any CPU.ActiveCfg = Debug|Any CPU
		{B86ECE97-1F5D-498B-95F6-004457FDF948}.Debug|Any CPU.Build.0 = Debug|Any CPU
		{B86ECE97-1F5D-498B-95F6-004457FDF948}.Release|Any CPU.ActiveCfg = Release|Any CPU
		{B86ECE97-1F5D-498B-95F6-004457FDF948}.Release|Any CPU.Build.0 = Release|Any CPU
		{3DB9F9B9-1438-4F28-8E63-D89AEB437728}.Debug|Any CPU.ActiveCfg = Debug|Any CPU
		{3DB9F9B9-1438-4F28-8E63-D89AEB437728}.Debug|Any CPU.Build.0 = Debug|Any CPU
		{3DB9F9B9-1438-4F28-8E63-D89AEB437728}.Release|Any CPU.ActiveCfg = Release|Any CPU
		{3DB9F9B9-1438-4F28-8E63-D89AEB437728}.Release|Any CPU.Build.0 = Release|Any CPU
		{3DA9A0E1-D4DB-4EC2-9012-6A8667C602FB}.Debug|Any CPU.ActiveCfg = Debug|Any CPU
		{3DA9A0E1-D4DB-4EC2-9012-6A8667C602FB}.Debug|Any CPU.Build.0 = Debug|Any CPU
		{3DA9A0E1-D4DB-4EC2-9012-6A8667C602FB}.Release|Any CPU.ActiveCfg = Release|Any CPU
		{3DA9A0E1-D4DB-4EC2-9012-6A8667C602FB}.Release|Any CPU.Build.0 = Release|Any CPU
		{274825DE-693A-48B3-95EE-F31ECFAF5861}.Debug|Any CPU.ActiveCfg = Debug|Any CPU
		{274825DE-693A-48B3-95EE-F31ECFAF5861}.Debug|Any CPU.Build.0 = Debug|Any CPU
		{274825DE-693A-48B3-95EE-F31ECFAF5861}.Release|Any CPU.ActiveCfg = Release|Any CPU
		{274825DE-693A-48B3-95EE-F31ECFAF5861}.Release|Any CPU.Build.0 = Release|Any CPU
		{42334052-AEAE-4397-9710-9F23B8E1E223}.Debug|Any CPU.ActiveCfg = Debug|Any CPU
		{42334052-AEAE-4397-9710-9F23B8E1E223}.Debug|Any CPU.Build.0 = Debug|Any CPU
		{42334052-AEAE-4397-9710-9F23B8E1E223}.Release|Any CPU.ActiveCfg = Release|Any CPU
		{42334052-AEAE-4397-9710-9F23B8E1E223}.Release|Any CPU.Build.0 = Release|Any CPU
		{3CED372C-8BAE-4A20-A3D9-D5E560ACF4D5}.Debug|Any CPU.ActiveCfg = Debug|Any CPU
		{3CED372C-8BAE-4A20-A3D9-D5E560ACF4D5}.Debug|Any CPU.Build.0 = Debug|Any CPU
		{3CED372C-8BAE-4A20-A3D9-D5E560ACF4D5}.Release|Any CPU.ActiveCfg = Release|Any CPU
		{3CED372C-8BAE-4A20-A3D9-D5E560ACF4D5}.Release|Any CPU.Build.0 = Release|Any CPU
		{2209ECC3-4008-404B-9AF7-0FD7E3BDDF9F}.Debug|Any CPU.ActiveCfg = Debug|Any CPU
		{2209ECC3-4008-404B-9AF7-0FD7E3BDDF9F}.Debug|Any CPU.Build.0 = Debug|Any CPU
		{2209ECC3-4008-404B-9AF7-0FD7E3BDDF9F}.Release|Any CPU.ActiveCfg = Release|Any CPU
		{2209ECC3-4008-404B-9AF7-0FD7E3BDDF9F}.Release|Any CPU.Build.0 = Release|Any CPU
		{A715EA63-24A5-421A-8BB7-B01547521969}.Debug|Any CPU.ActiveCfg = Debug|Any CPU
		{A715EA63-24A5-421A-8BB7-B01547521969}.Debug|Any CPU.Build.0 = Debug|Any CPU
		{A715EA63-24A5-421A-8BB7-B01547521969}.Release|Any CPU.ActiveCfg = Release|Any CPU
		{A715EA63-24A5-421A-8BB7-B01547521969}.Release|Any CPU.Build.0 = Release|Any CPU
		{AD8E2CE4-C1F7-48E9-ACFA-AA5A5321C728}.Debug|Any CPU.ActiveCfg = Debug|Any CPU
		{AD8E2CE4-C1F7-48E9-ACFA-AA5A5321C728}.Debug|Any CPU.Build.0 = Debug|Any CPU
		{AD8E2CE4-C1F7-48E9-ACFA-AA5A5321C728}.Release|Any CPU.ActiveCfg = Release|Any CPU
		{AD8E2CE4-C1F7-48E9-ACFA-AA5A5321C728}.Release|Any CPU.Build.0 = Release|Any CPU
		{4052DDB5-1453-4F5B-95DC-B6F29EAC7FAD}.Debug|Any CPU.ActiveCfg = Debug|Any CPU
		{4052DDB5-1453-4F5B-95DC-B6F29EAC7FAD}.Debug|Any CPU.Build.0 = Debug|Any CPU
		{4052DDB5-1453-4F5B-95DC-B6F29EAC7FAD}.Release|Any CPU.ActiveCfg = Release|Any CPU
		{4052DDB5-1453-4F5B-95DC-B6F29EAC7FAD}.Release|Any CPU.Build.0 = Release|Any CPU
		{FA3D8796-3DF8-48D6-93BB-1A365AB36BA2}.Debug|Any CPU.ActiveCfg = Debug|Any CPU
		{FA3D8796-3DF8-48D6-93BB-1A365AB36BA2}.Debug|Any CPU.Build.0 = Debug|Any CPU
		{FA3D8796-3DF8-48D6-93BB-1A365AB36BA2}.Release|Any CPU.ActiveCfg = Release|Any CPU
		{FA3D8796-3DF8-48D6-93BB-1A365AB36BA2}.Release|Any CPU.Build.0 = Release|Any CPU
		{1EDA4853-A73C-4580-BACB-B11AFE9E1F7B}.Debug|Any CPU.ActiveCfg = Debug|Any CPU
		{1EDA4853-A73C-4580-BACB-B11AFE9E1F7B}.Debug|Any CPU.Build.0 = Debug|Any CPU
		{1EDA4853-A73C-4580-BACB-B11AFE9E1F7B}.Release|Any CPU.ActiveCfg = Release|Any CPU
		{1EDA4853-A73C-4580-BACB-B11AFE9E1F7B}.Release|Any CPU.Build.0 = Release|Any CPU
		{D31624F8-0DEE-48A3-B56B-F5BE9F4CAF5E}.Debug|Any CPU.ActiveCfg = Debug|Any CPU
		{D31624F8-0DEE-48A3-B56B-F5BE9F4CAF5E}.Debug|Any CPU.Build.0 = Debug|Any CPU
		{D31624F8-0DEE-48A3-B56B-F5BE9F4CAF5E}.Release|Any CPU.ActiveCfg = Release|Any CPU
		{D31624F8-0DEE-48A3-B56B-F5BE9F4CAF5E}.Release|Any CPU.Build.0 = Release|Any CPU
		{7F256947-82AE-4B3B-894A-79573CFF4527}.Debug|Any CPU.ActiveCfg = Debug|Any CPU
		{7F256947-82AE-4B3B-894A-79573CFF4527}.Debug|Any CPU.Build.0 = Debug|Any CPU
		{7F256947-82AE-4B3B-894A-79573CFF4527}.Release|Any CPU.ActiveCfg = Release|Any CPU
		{7F256947-82AE-4B3B-894A-79573CFF4527}.Release|Any CPU.Build.0 = Release|Any CPU
	EndGlobalSection
	GlobalSection(SolutionProperties) = preSolution
		HideSolutionNode = FALSE
	EndGlobalSection
	GlobalSection(NestedProjects) = preSolution
		{B86ECE97-1F5D-498B-95F6-004457FDF948} = {859685F5-7EB4-4E93-BFE2-B74F591610AC}
		{3DB9F9B9-1438-4F28-8E63-D89AEB437728} = {FE9DD425-FCDD-42C2-9BCE-274F1A3C17BC}
		{3DA9A0E1-D4DB-4EC2-9012-6A8667C602FB} = {FE9DD425-FCDD-42C2-9BCE-274F1A3C17BC}
		{274825DE-693A-48B3-95EE-F31ECFAF5861} = {FE9DD425-FCDD-42C2-9BCE-274F1A3C17BC}
		{42334052-AEAE-4397-9710-9F23B8E1E223} = {FE9DD425-FCDD-42C2-9BCE-274F1A3C17BC}
		{3CED372C-8BAE-4A20-A3D9-D5E560ACF4D5} = {FE9DD425-FCDD-42C2-9BCE-274F1A3C17BC}
		{2209ECC3-4008-404B-9AF7-0FD7E3BDDF9F} = {FE9DD425-FCDD-42C2-9BCE-274F1A3C17BC}
		{A715EA63-24A5-421A-8BB7-B01547521969} = {FE9DD425-FCDD-42C2-9BCE-274F1A3C17BC}
		{AD8E2CE4-C1F7-48E9-ACFA-AA5A5321C728} = {FE9DD425-FCDD-42C2-9BCE-274F1A3C17BC}
		{4052DDB5-1453-4F5B-95DC-B6F29EAC7FAD} = {FE9DD425-FCDD-42C2-9BCE-274F1A3C17BC}
		{FA3D8796-3DF8-48D6-93BB-1A365AB36BA2} = {859685F5-7EB4-4E93-BFE2-B74F591610AC}
		{1EDA4853-A73C-4580-BACB-B11AFE9E1F7B} = {FE9DD425-FCDD-42C2-9BCE-274F1A3C17BC}
		{D31624F8-0DEE-48A3-B56B-F5BE9F4CAF5E} = {859685F5-7EB4-4E93-BFE2-B74F591610AC}
		{7F256947-82AE-4B3B-894A-79573CFF4527} = {FE9DD425-FCDD-42C2-9BCE-274F1A3C17BC}
	EndGlobalSection
	GlobalSection(ExtensibilityGlobals) = postSolution
		SolutionGuid = {BBDB7833-919F-46AB-8433-8E0793BDA742}
	EndGlobalSection
EndGlobal
